// !$*UTF8*$!
{
	archiveVersion = 1;
	classes = {
	};
	objectVersion = 50;
	objects = {

/* Begin PBXBuildFile section */
		071149D524C94373001C50D9 /* AppDelegate.swift in Sources */ = {isa = PBXBuildFile; fileRef = 071149D424C94373001C50D9 /* AppDelegate.swift */; };
		071149D724C94373001C50D9 /* SceneDelegate.swift in Sources */ = {isa = PBXBuildFile; fileRef = 071149D624C94373001C50D9 /* SceneDelegate.swift */; };
		071149D924C94373001C50D9 /* ViewController.swift in Sources */ = {isa = PBXBuildFile; fileRef = 071149D824C94373001C50D9 /* ViewController.swift */; };
		071149DC24C94373001C50D9 /* Main.storyboard in Resources */ = {isa = PBXBuildFile; fileRef = 071149DA24C94373001C50D9 /* Main.storyboard */; };
		071149DE24C94376001C50D9 /* Assets.xcassets in Resources */ = {isa = PBXBuildFile; fileRef = 071149DD24C94376001C50D9 /* Assets.xcassets */; };
		071149E124C94376001C50D9 /* LaunchScreen.storyboard in Resources */ = {isa = PBXBuildFile; fileRef = 071149DF24C94376001C50D9 /* LaunchScreen.storyboard */; };
		071149EC24C94376001C50D9 /* tipTests.swift in Sources */ = {isa = PBXBuildFile; fileRef = 071149EB24C94376001C50D9 /* tipTests.swift */; };
		071149F724C94376001C50D9 /* tipUITests.swift in Sources */ = {isa = PBXBuildFile; fileRef = 071149F624C94376001C50D9 /* tipUITests.swift */; };
/* End PBXBuildFile section */

/* Begin PBXContainerItemProxy section */
		071149E824C94376001C50D9 /* PBXContainerItemProxy */ = {
			isa = PBXContainerItemProxy;
			containerPortal = 071149C924C94373001C50D9 /* Project object */;
			proxyType = 1;
			remoteGlobalIDString = 071149D024C94373001C50D9;
			remoteInfo = tip;
		};
		071149F324C94376001C50D9 /* PBXContainerItemProxy */ = {
			isa = PBXContainerItemProxy;
			containerPortal = 071149C924C94373001C50D9 /* Project object */;
			proxyType = 1;
			remoteGlobalIDString = 071149D024C94373001C50D9;
			remoteInfo = tip;
		};
/* End PBXContainerItemProxy section */

/* Begin PBXFileReference section */
		071149D124C94373001C50D9 /* tip.app */ = {isa = PBXFileReference; explicitFileType = wrapper.application; includeInIndex = 0; path = tip.app; sourceTree = BUILT_PRODUCTS_DIR; };
		071149D424C94373001C50D9 /* AppDelegate.swift */ = {isa = PBXFileReference; lastKnownFileType = sourcecode.swift; path = AppDelegate.swift; sourceTree = "<group>"; };
		071149D624C94373001C50D9 /* SceneDelegate.swift */ = {isa = PBXFileReference; lastKnownFileType = sourcecode.swift; path = SceneDelegate.swift; sourceTree = "<group>"; };
		071149D824C94373001C50D9 /* ViewController.swift */ = {isa = PBXFileReference; lastKnownFileType = sourcecode.swift; path = ViewController.swift; sourceTree = "<group>"; };
		071149DB24C94373001C50D9 /* Base */ = {isa = PBXFileReference; lastKnownFileType = file.storyboard; name = Base; path = Base.lproj/Main.storyboard; sourceTree = "<group>"; };
		071149DD24C94376001C50D9 /* Assets.xcassets */ = {isa = PBXFileReference; lastKnownFileType = folder.assetcatalog; path = Assets.xcassets; sourceTree = "<group>"; };
		071149E024C94376001C50D9 /* Base */ = {isa = PBXFileReference; lastKnownFileType = file.storyboard; name = Base; path = Base.lproj/LaunchScreen.storyboard; sourceTree = "<group>"; };
		071149E224C94376001C50D9 /* Info.plist */ = {isa = PBXFileReference; lastKnownFileType = text.plist.xml; path = Info.plist; sourceTree = "<group>"; };
		071149E724C94376001C50D9 /* tipTests.xctest */ = {isa = PBXFileReference; explicitFileType = wrapper.cfbundle; includeInIndex = 0; path = tipTests.xctest; sourceTree = BUILT_PRODUCTS_DIR; };
		071149EB24C94376001C50D9 /* tipTests.swift */ = {isa = PBXFileReference; lastKnownFileType = sourcecode.swift; path = tipTests.swift; sourceTree = "<group>"; };
		071149ED24C94376001C50D9 /* Info.plist */ = {isa = PBXFileReference; lastKnownFileType = text.plist.xml; path = Info.plist; sourceTree = "<group>"; };
		071149F224C94376001C50D9 /* tipUITests.xctest */ = {isa = PBXFileReference; explicitFileType = wrapper.cfbundle; includeInIndex = 0; path = tipUITests.xctest; sourceTree = BUILT_PRODUCTS_DIR; };
		071149F624C94376001C50D9 /* tipUITests.swift */ = {isa = PBXFileReference; lastKnownFileType = sourcecode.swift; path = tipUITests.swift; sourceTree = "<group>"; };
		071149F824C94376001C50D9 /* Info.plist */ = {isa = PBXFileReference; lastKnownFileType = text.plist.xml; path = Info.plist; sourceTree = "<group>"; };
/* End PBXFileReference section */

/* Begin PBXFrameworksBuildPhase section */
		071149CE24C94373001C50D9 /* Frameworks */ = {
			isa = PBXFrameworksBuildPhase;
			buildActionMask = 2147483647;
			files = (
			);
			runOnlyForDeploymentPostprocessing = 0;
		};
		071149E424C94376001C50D9 /* Frameworks */ = {
			isa = PBXFrameworksBuildPhase;
			buildActionMask = 2147483647;
			files = (
			);
			runOnlyForDeploymentPostprocessing = 0;
		};
		071149EF24C94376001C50D9 /* Frameworks */ = {
			isa = PBXFrameworksBuildPhase;
			buildActionMask = 2147483647;
			files = (
			);
			runOnlyForDeploymentPostprocessing = 0;
		};
/* End PBXFrameworksBuildPhase section */

/* Begin PBXGroup section */
		071149C824C94373001C50D9 = {
			isa = PBXGroup;
			children = (
				071149D324C94373001C50D9 /* tip */,
				071149EA24C94376001C50D9 /* tipTests */,
				071149F524C94376001C50D9 /* tipUITests */,
				071149D224C94373001C50D9 /* Products */,
			);
			sourceTree = "<group>";
		};
		071149D224C94373001C50D9 /* Products */ = {
			isa = PBXGroup;
			children = (
				071149D124C94373001C50D9 /* tip.app */,
				071149E724C94376001C50D9 /* tipTests.xctest */,
				071149F224C94376001C50D9 /* tipUITests.xctest */,
			);
			name = Products;
			sourceTree = "<group>";
		};
		071149D324C94373001C50D9 /* tip */ = {
			isa = PBXGroup;
			children = (
				071149D424C94373001C50D9 /* AppDelegate.swift */,
				071149D624C94373001C50D9 /* SceneDelegate.swift */,
				071149D824C94373001C50D9 /* ViewController.swift */,
				071149DA24C94373001C50D9 /* Main.storyboard */,
				071149DD24C94376001C50D9 /* Assets.xcassets */,
				071149DF24C94376001C50D9 /* LaunchScreen.storyboard */,
				071149E224C94376001C50D9 /* Info.plist */,
			);
			path = tip;
			sourceTree = "<group>";
		};
		071149EA24C94376001C50D9 /* tipTests */ = {
			isa = PBXGroup;
			children = (
				071149EB24C94376001C50D9 /* tipTests.swift */,
				071149ED24C94376001C50D9 /* Info.plist */,
			);
			path = tipTests;
			sourceTree = "<group>";
		};
		071149F524C94376001C50D9 /* tipUITests */ = {
			isa = PBXGroup;
			children = (
				071149F624C94376001C50D9 /* tipUITests.swift */,
				071149F824C94376001C50D9 /* Info.plist */,
			);
			path = tipUITests;
			sourceTree = "<group>";
		};
/* End PBXGroup section */

/* Begin PBXNativeTarget section */
		071149D024C94373001C50D9 /* tip */ = {
			isa = PBXNativeTarget;
			buildConfigurationList = 071149FB24C94376001C50D9 /* Build configuration list for PBXNativeTarget "tip" */;
			buildPhases = (
				071149CD24C94373001C50D9 /* Sources */,
				071149CE24C94373001C50D9 /* Frameworks */,
				071149CF24C94373001C50D9 /* Resources */,
			);
			buildRules = (
			);
			dependencies = (
			);
			name = tip;
			productName = tip;
			productReference = 071149D124C94373001C50D9 /* tip.app */;
			productType = "com.apple.product-type.application";
		};
		071149E624C94376001C50D9 /* tipTests */ = {
			isa = PBXNativeTarget;
			buildConfigurationList = 071149FE24C94376001C50D9 /* Build configuration list for PBXNativeTarget "tipTests" */;
			buildPhases = (
				071149E324C94376001C50D9 /* Sources */,
				071149E424C94376001C50D9 /* Frameworks */,
				071149E524C94376001C50D9 /* Resources */,
			);
			buildRules = (
			);
			dependencies = (
				071149E924C94376001C50D9 /* PBXTargetDependency */,
			);
			name = tipTests;
			productName = tipTests;
			productReference = 071149E724C94376001C50D9 /* tipTests.xctest */;
			productType = "com.apple.product-type.bundle.unit-test";
		};
		071149F124C94376001C50D9 /* tipUITests */ = {
			isa = PBXNativeTarget;
			buildConfigurationList = 07114A0124C94376001C50D9 /* Build configuration list for PBXNativeTarget "tipUITests" */;
			buildPhases = (
				071149EE24C94376001C50D9 /* Sources */,
				071149EF24C94376001C50D9 /* Frameworks */,
				071149F024C94376001C50D9 /* Resources */,
			);
			buildRules = (
			);
			dependencies = (
				071149F424C94376001C50D9 /* PBXTargetDependency */,
			);
			name = tipUITests;
			productName = tipUITests;
			productReference = 071149F224C94376001C50D9 /* tipUITests.xctest */;
			productType = "com.apple.product-type.bundle.ui-testing";
		};
/* End PBXNativeTarget section */

/* Begin PBXProject section */
		071149C924C94373001C50D9 /* Project object */ = {
			isa = PBXProject;
			attributes = {
				LastSwiftUpdateCheck = 1150;
				LastUpgradeCheck = 1150;
				ORGANIZATIONNAME = Codepath;
				TargetAttributes = {
					071149D024C94373001C50D9 = {
						CreatedOnToolsVersion = 11.5;
					};
					071149E624C94376001C50D9 = {
						CreatedOnToolsVersion = 11.5;
						TestTargetID = 071149D024C94373001C50D9;
					};
					071149F124C94376001C50D9 = {
						CreatedOnToolsVersion = 11.5;
						TestTargetID = 071149D024C94373001C50D9;
					};
				};
			};
			buildConfigurationList = 071149CC24C94373001C50D9 /* Build configuration list for PBXProject "tip" */;
			compatibilityVersion = "Xcode 9.3";
			developmentRegion = en;
			hasScannedForEncodings = 0;
			knownRegions = (
				en,
				Base,
			);
			mainGroup = 071149C824C94373001C50D9;
			productRefGroup = 071149D224C94373001C50D9 /* Products */;
			projectDirPath = "";
			projectRoot = "";
			targets = (
				071149D024C94373001C50D9 /* tip */,
				071149E624C94376001C50D9 /* tipTests */,
				071149F124C94376001C50D9 /* tipUITests */,
			);
		};
/* End PBXProject section */

/* Begin PBXResourcesBuildPhase section */
		071149CF24C94373001C50D9 /* Resources */ = {
			isa = PBXResourcesBuildPhase;
			buildActionMask = 2147483647;
			files = (
				071149E124C94376001C50D9 /* LaunchScreen.storyboard in Resources */,
				071149DE24C94376001C50D9 /* Assets.xcassets in Resources */,
				071149DC24C94373001C50D9 /* Main.storyboard in Resources */,
			);
			runOnlyForDeploymentPostprocessing = 0;
		};
		071149E524C94376001C50D9 /* Resources */ = {
			isa = PBXResourcesBuildPhase;
			buildActionMask = 2147483647;
			files = (
			);
			runOnlyForDeploymentPostprocessing = 0;
		};
		071149F024C94376001C50D9 /* Resources */ = {
			isa = PBXResourcesBuildPhase;
			buildActionMask = 2147483647;
			files = (
			);
			runOnlyForDeploymentPostprocessing = 0;
		};
/* End PBXResourcesBuildPhase section */

/* Begin PBXSourcesBuildPhase section */
		071149CD24C94373001C50D9 /* Sources */ = {
			isa = PBXSourcesBuildPhase;
			buildActionMask = 2147483647;
			files = (
				071149D924C94373001C50D9 /* ViewController.swift in Sources */,
				071149D524C94373001C50D9 /* AppDelegate.swift in Sources */,
				071149D724C94373001C50D9 /* SceneDelegate.swift in Sources */,
			);
			runOnlyForDeploymentPostprocessing = 0;
		};
		071149E324C94376001C50D9 /* Sources */ = {
			isa = PBXSourcesBuildPhase;
			buildActionMask = 2147483647;
			files = (
				071149EC24C94376001C50D9 /* tipTests.swift in Sources */,
			);
			runOnlyForDeploymentPostprocessing = 0;
		};
		071149EE24C94376001C50D9 /* Sources */ = {
			isa = PBXSourcesBuildPhase;
			buildActionMask = 2147483647;
			files = (
				071149F724C94376001C50D9 /* tipUITests.swift in Sources */,
			);
			runOnlyForDeploymentPostprocessing = 0;
		};
/* End PBXSourcesBuildPhase section */

/* Begin PBXTargetDependency section */
		071149E924C94376001C50D9 /* PBXTargetDependency */ = {
			isa = PBXTargetDependency;
			target = 071149D024C94373001C50D9 /* tip */;
			targetProxy = 071149E824C94376001C50D9 /* PBXContainerItemProxy */;
		};
		071149F424C94376001C50D9 /* PBXTargetDependency */ = {
			isa = PBXTargetDependency;
			target = 071149D024C94373001C50D9 /* tip */;
			targetProxy = 071149F324C94376001C50D9 /* PBXContainerItemProxy */;
		};
/* End PBXTargetDependency section */

/* Begin PBXVariantGroup section */
		071149DA24C94373001C50D9 /* Main.storyboard */ = {
			isa = PBXVariantGroup;
			children = (
				071149DB24C94373001C50D9 /* Base */,
			);
			name = Main.storyboard;
			sourceTree = "<group>";
		};
		071149DF24C94376001C50D9 /* LaunchScreen.storyboard */ = {
			isa = PBXVariantGroup;
			children = (
				071149E024C94376001C50D9 /* Base */,
			);
			name = LaunchScreen.storyboard;
			sourceTree = "<group>";
		};
/* End PBXVariantGroup section */

/* Begin XCBuildConfiguration section */
		071149F924C94376001C50D9 /* Debug */ = {
			isa = XCBuildConfiguration;
			buildSettings = {
				ALWAYS_SEARCH_USER_PATHS = NO;
				CLANG_ANALYZER_NONNULL = YES;
				CLANG_ANALYZER_NUMBER_OBJECT_CONVERSION = YES_AGGRESSIVE;
				CLANG_CXX_LANGUAGE_STANDARD = "gnu++14";
				CLANG_CXX_LIBRARY = "libc++";
				CLANG_ENABLE_MODULES = YES;
				CLANG_ENABLE_OBJC_ARC = YES;
				CLANG_ENABLE_OBJC_WEAK = YES;
				CLANG_WARN_BLOCK_CAPTURE_AUTORELEASING = YES;
				CLANG_WARN_BOOL_CONVERSION = YES;
				CLANG_WARN_COMMA = YES;
				CLANG_WARN_CONSTANT_CONVERSION = YES;
				CLANG_WARN_DEPRECATED_OBJC_IMPLEMENTATIONS = YES;
				CLANG_WARN_DIRECT_OBJC_ISA_USAGE = YES_ERROR;
				CLANG_WARN_DOCUMENTATION_COMMENTS = YES;
				CLANG_WARN_EMPTY_BODY = YES;
				CLANG_WARN_ENUM_CONVERSION = YES;
				CLANG_WARN_INFINITE_RECURSION = YES;
				CLANG_WARN_INT_CONVERSION = YES;
				CLANG_WARN_NON_LITERAL_NULL_CONVERSION = YES;
				CLANG_WARN_OBJC_IMPLICIT_RETAIN_SELF = YES;
				CLANG_WARN_OBJC_LITERAL_CONVERSION = YES;
				CLANG_WARN_OBJC_ROOT_CLASS = YES_ERROR;
				CLANG_WARN_RANGE_LOOP_ANALYSIS = YES;
				CLANG_WARN_STRICT_PROTOTYPES = YES;
				CLANG_WARN_SUSPICIOUS_MOVE = YES;
				CLANG_WARN_UNGUARDED_AVAILABILITY = YES_AGGRESSIVE;
				CLANG_WARN_UNREACHABLE_CODE = YES;
				CLANG_WARN__DUPLICATE_METHOD_MATCH = YES;
				COPY_PHASE_STRIP = NO;
				DEBUG_INFORMATION_FORMAT = dwarf;
				ENABLE_STRICT_OBJC_MSGSEND = YES;
				ENABLE_TESTABILITY = YES;
				GCC_C_LANGUAGE_STANDARD = gnu11;
				GCC_DYNAMIC_NO_PIC = NO;
				GCC_NO_COMMON_BLOCKS = YES;
				GCC_OPTIMIZATION_LEVEL = 0;
				GCC_PREPROCESSOR_DEFINITIONS = (
					"DEBUG=1",
					"$(inherited)",
				);
				GCC_WARN_64_TO_32_BIT_CONVERSION = YES;
				GCC_WARN_ABOUT_RETURN_TYPE = YES_ERROR;
				GCC_WARN_UNDECLARED_SELECTOR = YES;
				GCC_WARN_UNINITIALIZED_AUTOS = YES_AGGRESSIVE;
				GCC_WARN_UNUSED_FUNCTION = YES;
				GCC_WARN_UNUSED_VARIABLE = YES;
				IPHONEOS_DEPLOYMENT_TARGET = 13.5;
				MTL_ENABLE_DEBUG_INFO = INCLUDE_SOURCE;
				MTL_FAST_MATH = YES;
				ONLY_ACTIVE_ARCH = YES;
				SDKROOT = iphoneos;
				SWIFT_ACTIVE_COMPILATION_CONDITIONS = DEBUG;
				SWIFT_OPTIMIZATION_LEVEL = "-Onone";
			};
			name = Debug;
		};
		071149FA24C94376001C50D9 /* Release */ = {
			isa = XCBuildConfiguration;
			buildSettings = {
				ALWAYS_SEARCH_USER_PATHS = NO;
				CLANG_ANALYZER_NONNULL = YES;
				CLANG_ANALYZER_NUMBER_OBJECT_CONVERSION = YES_AGGRESSIVE;
				CLANG_CXX_LANGUAGE_STANDARD = "gnu++14";
				CLANG_CXX_LIBRARY = "libc++";
				CLANG_ENABLE_MODULES = YES;
				CLANG_ENABLE_OBJC_ARC = YES;
				CLANG_ENABLE_OBJC_WEAK = YES;
				CLANG_WARN_BLOCK_CAPTURE_AUTORELEASING = YES;
				CLANG_WARN_BOOL_CONVERSION = YES;
				CLANG_WARN_COMMA = YES;
				CLANG_WARN_CONSTANT_CONVERSION = YES;
				CLANG_WARN_DEPRECATED_OBJC_IMPLEMENTATIONS = YES;
				CLANG_WARN_DIRECT_OBJC_ISA_USAGE = YES_ERROR;
				CLANG_WARN_DOCUMENTATION_COMMENTS = YES;
				CLANG_WARN_EMPTY_BODY = YES;
				CLANG_WARN_ENUM_CONVERSION = YES;
				CLANG_WARN_INFINITE_RECURSION = YES;
				CLANG_WARN_INT_CONVERSION = YES;
				CLANG_WARN_NON_LITERAL_NULL_CONVERSION = YES;
				CLANG_WARN_OBJC_IMPLICIT_RETAIN_SELF = YES;
				CLANG_WARN_OBJC_LITERAL_CONVERSION = YES;
				CLANG_WARN_OBJC_ROOT_CLASS = YES_ERROR;
				CLANG_WARN_RANGE_LOOP_ANALYSIS = YES;
				CLANG_WARN_STRICT_PROTOTYPES = YES;
				CLANG_WARN_SUSPICIOUS_MOVE = YES;
				CLANG_WARN_UNGUARDED_AVAILABILITY = YES_AGGRESSIVE;
				CLANG_WARN_UNREACHABLE_CODE = YES;
				CLANG_WARN__DUPLICATE_METHOD_MATCH = YES;
				COPY_PHASE_STRIP = NO;
				DEBUG_INFORMATION_FORMAT = "dwarf-with-dsym";
				ENABLE_NS_ASSERTIONS = NO;
				ENABLE_STRICT_OBJC_MSGSEND = YES;
				GCC_C_LANGUAGE_STANDARD = gnu11;
				GCC_NO_COMMON_BLOCKS = YES;
				GCC_WARN_64_TO_32_BIT_CONVERSION = YES;
				GCC_WARN_ABOUT_RETURN_TYPE = YES_ERROR;
				GCC_WARN_UNDECLARED_SELECTOR = YES;
				GCC_WARN_UNINITIALIZED_AUTOS = YES_AGGRESSIVE;
				GCC_WARN_UNUSED_FUNCTION = YES;
				GCC_WARN_UNUSED_VARIABLE = YES;
				IPHONEOS_DEPLOYMENT_TARGET = 13.5;
				MTL_ENABLE_DEBUG_INFO = NO;
				MTL_FAST_MATH = YES;
				SDKROOT = iphoneos;
				SWIFT_COMPILATION_MODE = wholemodule;
				SWIFT_OPTIMIZATION_LEVEL = "-O";
				VALIDATE_PRODUCT = YES;
			};
			name = Release;
		};
		071149FC24C94376001C50D9 /* Debug */ = {
			isa = XCBuildConfiguration;
			buildSettings = {
				ASSETCATALOG_COMPILER_APPICON_NAME = AppIcon;
				CODE_SIGN_STYLE = Automatic;
				INFOPLIST_FILE = tip/Info.plist;
				LD_RUNPATH_SEARCH_PATHS = (
					"$(inherited)",
					"@executable_path/Frameworks",
				);
				PRODUCT_BUNDLE_IDENTIFIER = Codepath.tip;
				PRODUCT_NAME = "$(TARGET_NAME)";
				SWIFT_VERSION = 5.0;
				TARGETED_DEVICE_FAMILY = "1,2";
			};
			name = Debug;
		};
		071149FD24C94376001C50D9 /* Release */ = {
			isa = XCBuildConfiguration;
			buildSettings = {
				ASSETCATALOG_COMPILER_APPICON_NAME = AppIcon;
				CODE_SIGN_STYLE = Automatic;
				INFOPLIST_FILE = tip/Info.plist;
				LD_RUNPATH_SEARCH_PATHS = (
					"$(inherited)",
					"@executable_path/Frameworks",
				);
				PRODUCT_BUNDLE_IDENTIFIER = Codepath.tip;
				PRODUCT_NAME = "$(TARGET_NAME)";
				SWIFT_VERSION = 5.0;
				TARGETED_DEVICE_FAMILY = "1,2";
			};
			name = Release;
		};
		071149FF24C94376001C50D9 /* Debug */ = {
			isa = XCBuildConfiguration;
			buildSettings = {
				ALWAYS_EMBED_SWIFT_STANDARD_LIBRARIES = YES;
				BUNDLE_LOADER = "$(TEST_HOST)";
				CODE_SIGN_STYLE = Automatic;
				INFOPLIST_FILE = tipTests/Info.plist;
				IPHONEOS_DEPLOYMENT_TARGET = 13.5;
				LD_RUNPATH_SEARCH_PATHS = (
					"$(inherited)",
					"@executable_path/Frameworks",
					"@loader_path/Frameworks",
				);
				PRODUCT_BUNDLE_IDENTIFIER = Codepath.tipTests;
				PRODUCT_NAME = "$(TARGET_NAME)";
				SWIFT_VERSION = 5.0;
				TARGETED_DEVICE_FAMILY = "1,2";
				TEST_HOST = "$(BUILT_PRODUCTS_DIR)/tip.app/tip";
			};
			name = Debug;
		};
		07114A0024C94376001C50D9 /* Release */ = {
			isa = XCBuildConfiguration;
			buildSettings = {
				ALWAYS_EMBED_SWIFT_STANDARD_LIBRARIES = YES;
				BUNDLE_LOADER = "$(TEST_HOST)";
				CODE_SIGN_STYLE = Automatic;
				INFOPLIST_FILE = tipTests/Info.plist;
				IPHONEOS_DEPLOYMENT_TARGET = 13.5;
				LD_RUNPATH_SEARCH_PATHS = (
					"$(inherited)",
					"@executable_path/Frameworks",
					"@loader_path/Frameworks",
				);
				PRODUCT_BUNDLE_IDENTIFIER = Codepath.tipTests;
				PRODUCT_NAME = "$(TARGET_NAME)";
				SWIFT_VERSION = 5.0;
				TARGETED_DEVICE_FAMILY = "1,2";
				TEST_HOST = "$(BUILT_PRODUCTS_DIR)/tip.app/tip";
			};
			name = Release;
		};
		07114A0224C94376001C50D9 /* Debug */ = {
			isa = XCBuildConfiguration;
			buildSettings = {
				ALWAYS_EMBED_SWIFT_STANDARD_LIBRARIES = YES;
				CODE_SIGN_STYLE = Automatic;
				INFOPLIST_FILE = tipUITests/Info.plist;
				LD_RUNPATH_SEARCH_PATHS = (
					"$(inherited)",
					"@executable_path/Frameworks",
					"@loader_path/Frameworks",
				);
				PRODUCT_BUNDLE_IDENTIFIER = Codepath.tipUITests;
				PRODUCT_NAME = "$(TARGET_NAME)";
				SWIFT_VERSION = 5.0;
				TARGETED_DEVICE_FAMILY = "1,2";
				TEST_TARGET_NAME = tip;
			};
			name = Debug;
		};
		07114A0324C94376001C50D9 /* Release */ = {
			isa = XCBuildConfiguration;
			buildSettings = {
				ALWAYS_EMBED_SWIFT_STANDARD_LIBRARIES = YES;
				CODE_SIGN_STYLE = Automatic;
				INFOPLIST_FILE = tipUITests/Info.plist;
				LD_RUNPATH_SEARCH_PATHS = (
					"$(inherited)",
					"@executable_path/Frameworks",
					"@loader_path/Frameworks",
				);
				PRODUCT_BUNDLE_IDENTIFIER = Codepath.tipUITests;
				PRODUCT_NAME = "$(TARGET_NAME)";
				SWIFT_VERSION = 5.0;
				TARGETED_DEVICE_FAMILY = "1,2";
				TEST_TARGET_NAME = tip;
			};
			name = Release;
		};
/* End XCBuildConfiguration section */

/* Begin XCConfigurationList section */
		071149CC24C94373001C50D9 /* Build configuration list for PBXProject "tip" */ = {
			isa = XCConfigurationList;
			buildConfigurations = (
				071149F924C94376001C50D9 /* Debug */,
				071149FA24C94376001C50D9 /* Release */,
			);
			defaultConfigurationIsVisible = 0;
			defaultConfigurationName = Release;
		};
		071149FB24C94376001C50D9 /* Build configuration list for PBXNativeTarget "tip" */ = {
			isa = XCConfigurationList;
			buildConfigurations = (
				071149FC24C94376001C50D9 /* Debug */,
				071149FD24C94376001C50D9 /* Release */,
			);
			defaultConfigurationIsVisible = 0;
			defaultConfigurationName = Release;
		};
		071149FE24C94376001C50D9 /* Build configuration list for PBXNativeTarget "tipTests" */ = {
			isa = XCConfigurationList;
			buildConfigurations = (
				071149FF24C94376001C50D9 /* Debug */,
				07114A0024C94376001C50D9 /* Release */,
			);
			defaultConfigurationIsVisible = 0;
			defaultConfigurationName = Release;
		};
		07114A0124C94376001C50D9 /* Build configuration list for PBXNativeTarget "tipUITests" */ = {
			isa = XCConfigurationList;
			buildConfigurations = (
				07114A0224C94376001C50D9 /* Debug */,
				07114A0324C94376001C50D9 /* Release */,
			);
			defaultConfigurationIsVisible = 0;
			defaultConfigurationName = Release;
		};
/* End XCConfigurationList section */
	};
	rootObject = 071149C924C94373001C50D9 /* Project object */;
}
